
Microsoft Visual Studio Solution File, Format Version 12.00
# Visual Studio 15
VisualStudioVersion = 15.0.27703.2035
MinimumVisualStudioVersion = 10.0.40219.1
Project("{8BC9CEB8-8B4A-11D0-8D11-00A0C91BC942}") = "camera_calibration", "Monocamera_calibration\Monocamera_calibration.vcxproj", "{16C37071-C9A5-4A6B-B50B-95D97C6CED21}"
EndProject
Project("{8BC9CEB8-8B4A-11D0-8D11-00A0C91BC942}") = "Matrice", "..\..\..\..\Dgelo\Dropbox\Dgelom\Repos\Matrice\Matrice\Matrice.vcxproj", "{E70FEE41-532B-437B-8129-F7F4E9E88BDB}"
EndProject
Project("{8BC9CEB8-8B4A-11D0-8D11-00A0C91BC942}") = "test", "test\test.vcxproj", "{0D634EB3-3730-4449-B316-7720AB4660D9}"
EndProject
Global
	GlobalSection(SolutionConfigurationPlatforms) = preSolution
		Debug|x64 = Debug|x64
		Debug|x86 = Debug|x86
		Release|x64 = Release|x64
		Release|x86 = Release|x86
	EndGlobalSection
	GlobalSection(ProjectConfigurationPlatforms) = postSolution
		{16C37071-C9A5-4A6B-B50B-95D97C6CED21}.Debug|x64.ActiveCfg = Debug|x64
		{16C37071-C9A5-4A6B-B50B-95D97C6CED21}.Debug|x64.Build.0 = Debug|x64
		{16C37071-C9A5-4A6B-B50B-95D97C6CED21}.Debug|x86.ActiveCfg = Debug|x64
		{16C37071-C9A5-4A6B-B50B-95D97C6CED21}.Release|x64.ActiveCfg = Release|x64
		{16C37071-C9A5-4A6B-B50B-95D97C6CED21}.Release|x64.Build.0 = Release|x64
		{16C37071-C9A5-4A6B-B50B-95D97C6CED21}.Release|x86.ActiveCfg = Release|x64
		{E70FEE41-532B-437B-8129-F7F4E9E88BDB}.Debug|x64.ActiveCfg = Debug|x64
		{E70FEE41-532B-437B-8129-F7F4E9E88BDB}.Debug|x64.Build.0 = Debug|x64
		{E70FEE41-532B-437B-8129-F7F4E9E88BDB}.Debug|x86.ActiveCfg = Debug|x64
		{E70FEE41-532B-437B-8129-F7F4E9E88BDB}.Release|x64.ActiveCfg = Release|x64
		{E70FEE41-532B-437B-8129-F7F4E9E88BDB}.Release|x64.Build.0 = Release|x64
		{E70FEE41-532B-437B-8129-F7F4E9E88BDB}.Release|x86.ActiveCfg = Release|x64
		{0D634EB3-3730-4449-B316-7720AB4660D9}.Debug|x64.ActiveCfg = Debug|x64
		{0D634EB3-3730-4449-B316-7720AB4660D9}.Debug|x64.Build.0 = Debug|x64
		{0D634EB3-3730-4449-B316-7720AB4660D9}.Debug|x86.ActiveCfg = Debug|x64
		{0D634EB3-3730-4449-B316-7720AB4660D9}.Release|x64.ActiveCfg = Release|x64
		{0D634EB3-3730-4449-B316-7720AB4660D9}.Release|x64.Build.0 = Release|x64
		{0D634EB3-3730-4449-B316-7720AB4660D9}.Release|x86.ActiveCfg = Release|x64
	EndGlobalSection
	GlobalSection(SolutionProperties) = preSolution
		HideSolutionNode = FALSE
	EndGlobalSection
	GlobalSection(ExtensibilityGlobals) = postSolution
		SolutionGuid = {2AD002FF-FDE9-40E5-87EB-96F281EE4C6F}
	EndGlobalSection
EndGlobal
